
Microsoft Visual Studio Solution File, Format Version 12.00
# Visual Studio Version 16
VisualStudioVersion = 16.0.32602.291
MinimumVisualStudioVersion = 10.0.40219.1
Project("{FAE04EC0-301F-11D3-BF4B-00C04F79EFBC}") = "PaymentWrapper.Services", "PaymentWrapper.Services.csproj", "{F61E755F-5F60-4520-89A1-183357BEC7A8}"
EndProject
Project("{FAE04EC0-301F-11D3-BF4B-00C04F79EFBC}") = "PaymentWrapper.Models", "..\PaymentWrapper.Models\PaymentWrapper.Models.csproj", "{9DA67FC8-5062-4BD3-A16B-CB7D21BDFCB2}"
EndProject
Global
	GlobalSection(SolutionConfigurationPlatforms) = preSolution
		Debug|Any CPU = Debug|Any CPU
		Release|Any CPU = Release|Any CPU
	EndGlobalSection
	GlobalSection(ProjectConfigurationPlatforms) = postSolution
		{F61E755F-5F60-4520-89A1-183357BEC7A8}.Debug|Any CPU.ActiveCfg = Debug|Any CPU
		{F61E755F-5F60-4520-89A1-183357BEC7A8}.Debug|Any CPU.Build.0 = Debug|Any CPU
		{F61E755F-5F60-4520-89A1-183357BEC7A8}.Release|Any CPU.ActiveCfg = Release|Any CPU
		{F61E755F-5F60-4520-89A1-183357BEC7A8}.Release|Any CPU.Build.0 = Release|Any CPU
		{9DA67FC8-5062-4BD3-A16B-CB7D21BDFCB2}.Debug|Any CPU.ActiveCfg = Debug|Any CPU
		{9DA67FC8-5062-4BD3-A16B-CB7D21BDFCB2}.Debug|Any CPU.Build.0 = Debug|Any CPU
		{9DA67FC8-5062-4BD3-A16B-CB7D21BDFCB2}.Release|Any CPU.ActiveCfg = Release|Any CPU
		{9DA67FC8-5062-4BD3-A16B-CB7D21BDFCB2}.Release|Any CPU.Build.0 = Release|Any CPU
	EndGlobalSection
	GlobalSection(SolutionProperties) = preSolution
		HideSolutionNode = FALSE
	EndGlobalSection
	GlobalSection(ExtensibilityGlobals) = postSolution
		SolutionGuid = {55160A23-F92C-4E01-A45A-B9431D878CB9}
	EndGlobalSection
EndGlobal
